
Microsoft Visual Studio Solution File, Format Version 12.00
# Visual Studio Version 17
VisualStudioVersion = 17.13.35931.197
MinimumVisualStudioVersion = 10.0.40219.1
Project("{FAE04EC0-301F-11D3-BF4B-00C04F79EFBC}") = "Restaurant.Api", "Restaurant.Api.csproj", "{43794EDE-4A2D-1838-42BE-D26EC75DE231}"
EndProject
Global
	GlobalSection(SolutionConfigurationPlatforms) = preSolution
		Debug|Any CPU = Debug|Any CPU
		Release|Any CPU = Release|Any CPU
	EndGlobalSection
	GlobalSection(ProjectConfigurationPlatforms) = postSolution
		{43794EDE-4A2D-1838-42BE-D26EC75DE231}.Debug|Any CPU.ActiveCfg = Debug|Any CPU
		{43794EDE-4A2D-1838-42BE-D26EC75DE231}.Debug|Any CPU.Build.0 = Debug|Any CPU
		{43794EDE-4A2D-1838-42BE-D26EC75DE231}.Release|Any CPU.ActiveCfg = Release|Any CPU
		{43794EDE-4A2D-1838-42BE-D26EC75DE231}.Release|Any CPU.Build.0 = Release|Any CPU
	EndGlobalSection
	GlobalSection(SolutionProperties) = preSolution
		HideSolutionNode = FALSE
	EndGlobalSection
	GlobalSection(ExtensibilityGlobals) = postSolution
		SolutionGuid = {0565B62D-52FE-4C7A-A4B5-46811810FCBE}
	EndGlobalSection
EndGlobal
